
Microsoft Visual Studio Solution File, Format Version 12.00
# Visual Studio Version 17
VisualStudioVersion = 17.6.33829.357
MinimumVisualStudioVersion = 10.0.40219.1
Project("{9A19103F-16F7-4668-BE54-9A1E7A4F7556}") = "dados_csharp", "dados_csharp\dados_csharp.csproj", "{589EA936-3576-4794-9251-5F0AE2167074}"
EndProject
Global
	GlobalSection(SolutionConfigurationPlatforms) = preSolution
		Debug|Any CPU = Debug|Any CPU
		Release|Any CPU = Release|Any CPU
	EndGlobalSection
	GlobalSection(ProjectConfigurationPlatforms) = postSolution
		{589EA936-3576-4794-9251-5F0AE2167074}.Debug|Any CPU.ActiveCfg = Debug|Any CPU
		{589EA936-3576-4794-9251-5F0AE2167074}.Debug|Any CPU.Build.0 = Debug|Any CPU
		{589EA936-3576-4794-9251-5F0AE2167074}.Release|Any CPU.ActiveCfg = Release|Any CPU
		{589EA936-3576-4794-9251-5F0AE2167074}.Release|Any CPU.Build.0 = Release|Any CPU
	EndGlobalSection
	GlobalSection(SolutionProperties) = preSolution
		HideSolutionNode = FALSE
	EndGlobalSection
	GlobalSection(ExtensibilityGlobals) = postSolution
		SolutionGuid = {B91A05AA-7653-4A69-9A6B-79CE402CB644}
	EndGlobalSection
EndGlobal
